{
	"name": "mystic-goldinguy-metagame-kmeans-typescript",
	"version": "1.0.0",
	"lockfileVersion": 1,
	"requires": true,
	"dependencies": {
		"@types/node": {
			"version": "14.11.2",
			"resolved": "https://registry.npmjs.org/@types/node/-/node-14.11.2.tgz",
			"integrity": "sha512-jiE3QIxJ8JLNcb1Ps6rDbysDhN4xa8DJJvuC9prr6w+1tIh+QAbYyNF3tyiZNLDBIuBCf4KEcV2UvQm/V60xfA==",
			"dev": true
		},
		"clusterfck": {
			"version": "github:harthur/clustering#9793a7427d1e4a152b4b7b7a4b18fcad22d3b6ae",
			"from": "github:harthur/clustering#master"
		},
		"gap-stat": {
			"version": "0.0.4",
			"resolved": "https://registry.npmjs.org/gap-stat/-/gap-stat-0.0.4.tgz",
			"integrity": "sha1-1Sg3jZ8eRrCHNP+1xL8XdPT5oMQ=",
			"requires": {
				"clusterfck": "^1.0.0",
				"underscore": "*"
			},
			"dependencies": {
				"clusterfck": {
					"version": "1.0.0",
					"resolved": "https://registry.npmjs.org/clusterfck/-/clusterfck-1.0.0.tgz",
					"integrity": "sha512-jExaOjYY8Zqw3mzhRAY2PEXCi7dnGr9h9PZn1L3PLKZKpxj9ForoSOuEKuvFwS86J/9uc9TsbPtCVH8OkOJpTg=="
				}
			}
		},
		"typescript": {
			"version": "4.0.3",
			"resolved": "https://registry.npmjs.org/typescript/-/typescript-4.0.3.tgz",
			"integrity": "sha512-tEu6DGxGgRJPb/mVPIZ48e69xCn2yRmCgYmDugAVwmJ6o+0u1RI18eO7E7WBTLYLaEVVOhwQmcdhQHweux/WPg==",
			"dev": true
		},
		"underscore": {
			"version": "1.11.0",
			"resolved": "https://registry.npmjs.org/underscore/-/underscore-1.11.0.tgz",
			"integrity": "sha512-xY96SsN3NA461qIRKZ/+qox37YXPtSBswMGfiNptr+wrt6ds4HaMw23TP612fEyGekRE6LNRiLYr/aqbHXNedw=="
		}
	}
}
